{
  "version": 4,
  "terraform_version": "1.12.2",
  "serial": 633,
  "lineage": "41cbdae6-75c3-7d91-e70c-fcdde459706b",
  "outputs": {},
  "resources": [
    {
      "module": "module.ecr",
      "mode": "managed",
      "type": "aws_ecr_repository",
      "name": "grafana",
      "provider": "provider[\"registry.terraform.io/hashicorp/aws\"]",
      "instances": [
        {
          "schema_version": 0,
          "attributes": {
            "arn": "arn:aws:ecr:us-east-1:470527513941:repository/grafana",
            "encryption_configuration": [
              {
                "encryption_type": "KMS",
                "kms_key": "arn:aws:kms:us-east-1:470527513941:key/837e8ba6-3cca-4b1e-b80e-838a7bc513a7"
              }
            ],
            "force_delete": null,
            "id": "grafana",
            "image_scanning_configuration": [
              {
                "scan_on_push": true
              }
            ],
            "image_tag_mutability": "MUTABLE",
            "image_tag_mutability_exclusion_filter": [],
            "name": "grafana",
            "region": "us-east-1",
            "registry_id": "470527513941",
            "repository_url": "470527513941.dkr.ecr.us-east-1.amazonaws.com/grafana",
            "tags": {
              "Name": "grafana"
            },
            "tags_all": {
              "Name": "grafana"
            },
            "timeouts": null
          },
          "sensitive_attributes": [],
          "identity_schema_version": 0,
          "private": "eyJlMmJmYjczMC1lY2FhLTExZTYtOGY4OC0zNDM2M2JjN2M0YzAiOnsiZGVsZXRlIjoxMjAwMDAwMDAwMDAwfX0="
        }
      ]
    },
    {
      "module": "module.ecr",
      "mode": "managed",
      "type": "aws_ecr_repository",
      "name": "prometheus",
      "provider": "provider[\"registry.terraform.io/hashicorp/aws\"]",
      "instances": [
        {
          "schema_version": 0,
          "attributes": {
            "arn": "arn:aws:ecr:us-east-1:470527513941:repository/prometheus",
            "encryption_configuration": [
              {
                "encryption_type": "KMS",
                "kms_key": "arn:aws:kms:us-east-1:470527513941:key/837e8ba6-3cca-4b1e-b80e-838a7bc513a7"
              }
            ],
            "force_delete": null,
            "id": "prometheus",
            "image_scanning_configuration": [
              {
                "scan_on_push": true
              }
            ],
            "image_tag_mutability": "MUTABLE",
            "image_tag_mutability_exclusion_filter": [],
            "name": "prometheus",
            "region": "us-east-1",
            "registry_id": "470527513941",
            "repository_url": "470527513941.dkr.ecr.us-east-1.amazonaws.com/prometheus",
            "tags": {
              "Name": "prometheus"
            },
            "tags_all": {
              "Name": "prometheus"
            },
            "timeouts": null
          },
          "sensitive_attributes": [],
          "identity_schema_version": 0,
          "private": "eyJlMmJmYjczMC1lY2FhLTExZTYtOGY4OC0zNDM2M2JjN2M0YzAiOnsiZGVsZXRlIjoxMjAwMDAwMDAwMDAwfX0="
        }
      ]
    }
  ],
  "check_results": null
}
